
Microsoft Visual Studio Solution File, Format Version 12.00
# Visual Studio Version 17
VisualStudioVersion = 17.9.34728.123
MinimumVisualStudioVersion = 10.0.40219.1
Project("{9A19103F-16F7-4668-BE54-9A1E7A4F7556}") = "WebApplication1", "WebApplication1\WebApplication1.csproj", "{A30248D7-F855-4E70-B28F-DFFD25637E1D}"
EndProject
Global
	GlobalSection(SolutionConfigurationPlatforms) = preSolution
		Debug|Any CPU = Debug|Any CPU
		Release|Any CPU = Release|Any CPU
	EndGlobalSection
	GlobalSection(ProjectConfigurationPlatforms) = postSolution
		{A30248D7-F855-4E70-B28F-DFFD25637E1D}.Debug|Any CPU.ActiveCfg = Debug|Any CPU
		{A30248D7-F855-4E70-B28F-DFFD25637E1D}.Debug|Any CPU.Build.0 = Debug|Any CPU
		{A30248D7-F855-4E70-B28F-DFFD25637E1D}.Release|Any CPU.ActiveCfg = Release|Any CPU
		{A30248D7-F855-4E70-B28F-DFFD25637E1D}.Release|Any CPU.Build.0 = Release|Any CPU
	EndGlobalSection
	GlobalSection(SolutionProperties) = preSolution
		HideSolutionNode = FALSE
	EndGlobalSection
	GlobalSection(ExtensibilityGlobals) = postSolution
		SolutionGuid = {03143C5D-0507-4B48-9DF3-35FD87276346}
	EndGlobalSection
EndGlobal
